ComfyUI-KJNodes b7646ad70a7daa7aeb919ca542274758d26ba2df https://github.com/kijai/ComfyUI-KJNodes.git
ComfyUI-QwenTTS d8122a8ba835b65fd65c113d2b273b1ad1579293 https://github.com/1038lab/ComfyUI-QwenTTS.git
ComfyUI-WanVideoWrapper df8f3e49daaad117cf3090cc916c83f3d001494c https://github.com/kijai/ComfyUI-WanVideoWrapper.git
